// !$*UTF8*$!
{
	archiveVersion = 1;
	classes = {
	};
	objectVersion = 56;
	objects = {

/* Begin PBXBuildFile section */
		F744EEAB2B0511F800F6E060 /* UserDefaultsExtensions.swift in Sources */ = {isa = PBXBuildFile; fileRef = F744EEAA2B0511F800F6E060 /* UserDefaultsExtensions.swift */; };
		F74A58ED2AFE6D0900DE3D1F /* AppDelegate.swift in Sources */ = {isa = PBXBuildFile; fileRef = F74A58EC2AFE6D0900DE3D1F /* AppDelegate.swift */; };
		F74A58EF2AFE6D0900DE3D1F /* SceneDelegate.swift in Sources */ = {isa = PBXBuildFile; fileRef = F74A58EE2AFE6D0900DE3D1F /* SceneDelegate.swift */; };
		F74A58F12AFE6D0900DE3D1F /* HomeViewController.swift in Sources */ = {isa = PBXBuildFile; fileRef = F74A58F02AFE6D0900DE3D1F /* HomeViewController.swift */; };
		F74A58F42AFE6D0A00DE3D1F /* Main.storyboard in Resources */ = {isa = PBXBuildFile; fileRef = F74A58F22AFE6D0A00DE3D1F /* Main.storyboard */; };
		F74A58F62AFE6D1200DE3D1F /* Assets.xcassets in Resources */ = {isa = PBXBuildFile; fileRef = F74A58F52AFE6D1200DE3D1F /* Assets.xcassets */; };
		F74A58F92AFE6D1200DE3D1F /* LaunchScreen.storyboard in Resources */ = {isa = PBXBuildFile; fileRef = F74A58F72AFE6D1200DE3D1F /* LaunchScreen.storyboard */; };
		F74A59042AFE6D1300DE3D1F /* reminderTests.swift in Sources */ = {isa = PBXBuildFile; fileRef = F74A59032AFE6D1300DE3D1F /* reminderTests.swift */; };
		F74A590E2AFE6D1300DE3D1F /* reminderUITests.swift in Sources */ = {isa = PBXBuildFile; fileRef = F74A590D2AFE6D1300DE3D1F /* reminderUITests.swift */; };
		F74A59102AFE6D1300DE3D1F /* reminderUITestsLaunchTests.swift in Sources */ = {isa = PBXBuildFile; fileRef = F74A590F2AFE6D1300DE3D1F /* reminderUITestsLaunchTests.swift */; };
		F74A591D2AFE6D3100DE3D1F /* StoryBoarded.swift in Sources */ = {isa = PBXBuildFile; fileRef = F74A591C2AFE6D3100DE3D1F /* StoryBoarded.swift */; };
		F74A591F2AFE6D4000DE3D1F /* Coordinator.swift in Sources */ = {isa = PBXBuildFile; fileRef = F74A591E2AFE6D4000DE3D1F /* Coordinator.swift */; };
		F74A59232AFE6FF100DE3D1F /* MainCoordinator.swift in Sources */ = {isa = PBXBuildFile; fileRef = F74A59222AFE6FF100DE3D1F /* MainCoordinator.swift */; };
		F74A59252AFE739500DE3D1F /* BaseViewController.swift in Sources */ = {isa = PBXBuildFile; fileRef = F74A59242AFE739500DE3D1F /* BaseViewController.swift */; };
		F74A59272AFE776000DE3D1F /* NewReminderViewController.swift in Sources */ = {isa = PBXBuildFile; fileRef = F74A59262AFE776000DE3D1F /* NewReminderViewController.swift */; };
		F74A59292AFE8B9300DE3D1F /* UIKitExtension.swift in Sources */ = {isa = PBXBuildFile; fileRef = F74A59282AFE8B9300DE3D1F /* UIKitExtension.swift */; };
		F74A592B2AFE8CA100DE3D1F /* HomeTableViewDataSource.swift in Sources */ = {isa = PBXBuildFile; fileRef = F74A592A2AFE8CA100DE3D1F /* HomeTableViewDataSource.swift */; };
		F74A59302AFE8E3000DE3D1F /* TableViewCell.swift in Sources */ = {isa = PBXBuildFile; fileRef = F74A592E2AFE8E3000DE3D1F /* TableViewCell.swift */; };
		F74A59312AFE8E3000DE3D1F /* TableViewCell.xib in Resources */ = {isa = PBXBuildFile; fileRef = F74A592F2AFE8E3000DE3D1F /* TableViewCell.xib */; };
		F77091442AFEEF230047973E /* Reminder.swift in Sources */ = {isa = PBXBuildFile; fileRef = F77091432AFEEF230047973E /* Reminder.swift */; };
		F7F251532AFECDBE00770A67 /* DateExtension.swift in Sources */ = {isa = PBXBuildFile; fileRef = F7F251522AFECDBE00770A67 /* DateExtension.swift */; };
/* End PBXBuildFile section */

/* Begin PBXContainerItemProxy section */
		F74A59002AFE6D1300DE3D1F /* PBXContainerItemProxy */ = {
			isa = PBXContainerItemProxy;
			containerPortal = F74A58E12AFE6D0900DE3D1F /* Project object */;
			proxyType = 1;
			remoteGlobalIDString = F74A58E82AFE6D0900DE3D1F;
			remoteInfo = reminder;
		};
		F74A590A2AFE6D1300DE3D1F /* PBXContainerItemProxy */ = {
			isa = PBXContainerItemProxy;
			containerPortal = F74A58E12AFE6D0900DE3D1F /* Project object */;
			proxyType = 1;
			remoteGlobalIDString = F74A58E82AFE6D0900DE3D1F;
			remoteInfo = reminder;
		};
/* End PBXContainerItemProxy section */

/* Begin PBXFileReference section */
		F744EEAA2B0511F800F6E060 /* UserDefaultsExtensions.swift */ = {isa = PBXFileReference; lastKnownFileType = sourcecode.swift; path = UserDefaultsExtensions.swift; sourceTree = "<group>"; };
		F74A58E92AFE6D0900DE3D1F /* reminder.app */ = {isa = PBXFileReference; explicitFileType = wrapper.application; includeInIndex = 0; path = reminder.app; sourceTree = BUILT_PRODUCTS_DIR; };
		F74A58EC2AFE6D0900DE3D1F /* AppDelegate.swift */ = {isa = PBXFileReference; lastKnownFileType = sourcecode.swift; path = AppDelegate.swift; sourceTree = "<group>"; };
		F74A58EE2AFE6D0900DE3D1F /* SceneDelegate.swift */ = {isa = PBXFileReference; lastKnownFileType = sourcecode.swift; path = SceneDelegate.swift; sourceTree = "<group>"; };
		F74A58F02AFE6D0900DE3D1F /* HomeViewController.swift */ = {isa = PBXFileReference; lastKnownFileType = sourcecode.swift; path = HomeViewController.swift; sourceTree = "<group>"; };
		F74A58F32AFE6D0A00DE3D1F /* Base */ = {isa = PBXFileReference; lastKnownFileType = file.storyboard; name = Base; path = Base.lproj/Main.storyboard; sourceTree = "<group>"; };
		F74A58F52AFE6D1200DE3D1F /* Assets.xcassets */ = {isa = PBXFileReference; lastKnownFileType = folder.assetcatalog; path = Assets.xcassets; sourceTree = "<group>"; };
		F74A58F82AFE6D1200DE3D1F /* Base */ = {isa = PBXFileReference; lastKnownFileType = file.storyboard; name = Base; path = Base.lproj/LaunchScreen.storyboard; sourceTree = "<group>"; };
		F74A58FA2AFE6D1200DE3D1F /* Info.plist */ = {isa = PBXFileReference; lastKnownFileType = text.plist.xml; path = Info.plist; sourceTree = "<group>"; };
		F74A58FF2AFE6D1300DE3D1F /* reminderTests.xctest */ = {isa = PBXFileReference; explicitFileType = wrapper.cfbundle; includeInIndex = 0; path = reminderTests.xctest; sourceTree = BUILT_PRODUCTS_DIR; };
		F74A59032AFE6D1300DE3D1F /* reminderTests.swift */ = {isa = PBXFileReference; lastKnownFileType = sourcecode.swift; path = reminderTests.swift; sourceTree = "<group>"; };
		F74A59092AFE6D1300DE3D1F /* reminderUITests.xctest */ = {isa = PBXFileReference; explicitFileType = wrapper.cfbundle; includeInIndex = 0; path = reminderUITests.xctest; sourceTree = BUILT_PRODUCTS_DIR; };
		F74A590D2AFE6D1300DE3D1F /* reminderUITests.swift */ = {isa = PBXFileReference; lastKnownFileType = sourcecode.swift; path = reminderUITests.swift; sourceTree = "<group>"; };
		F74A590F2AFE6D1300DE3D1F /* reminderUITestsLaunchTests.swift */ = {isa = PBXFileReference; lastKnownFileType = sourcecode.swift; path = reminderUITestsLaunchTests.swift; sourceTree = "<group>"; };
		F74A591C2AFE6D3100DE3D1F /* StoryBoarded.swift */ = {isa = PBXFileReference; lastKnownFileType = sourcecode.swift; path = StoryBoarded.swift; sourceTree = "<group>"; };
		F74A591E2AFE6D4000DE3D1F /* Coordinator.swift */ = {isa = PBXFileReference; lastKnownFileType = sourcecode.swift; path = Coordinator.swift; sourceTree = "<group>"; };
		F74A59222AFE6FF100DE3D1F /* MainCoordinator.swift */ = {isa = PBXFileReference; lastKnownFileType = sourcecode.swift; path = MainCoordinator.swift; sourceTree = "<group>"; };
		F74A59242AFE739500DE3D1F /* BaseViewController.swift */ = {isa = PBXFileReference; lastKnownFileType = sourcecode.swift; path = BaseViewController.swift; sourceTree = "<group>"; };
		F74A59262AFE776000DE3D1F /* NewReminderViewController.swift */ = {isa = PBXFileReference; lastKnownFileType = sourcecode.swift; path = NewReminderViewController.swift; sourceTree = "<group>"; };
		F74A59282AFE8B9300DE3D1F /* UIKitExtension.swift */ = {isa = PBXFileReference; lastKnownFileType = sourcecode.swift; path = UIKitExtension.swift; sourceTree = "<group>"; };
		F74A592A2AFE8CA100DE3D1F /* HomeTableViewDataSource.swift */ = {isa = PBXFileReference; lastKnownFileType = sourcecode.swift; path = HomeTableViewDataSource.swift; sourceTree = "<group>"; };
		F74A592E2AFE8E3000DE3D1F /* TableViewCell.swift */ = {isa = PBXFileReference; lastKnownFileType = sourcecode.swift; path = TableViewCell.swift; sourceTree = "<group>"; };
		F74A592F2AFE8E3000DE3D1F /* TableViewCell.xib */ = {isa = PBXFileReference; lastKnownFileType = file.xib; path = TableViewCell.xib; sourceTree = "<group>"; };
		F77091432AFEEF230047973E /* Reminder.swift */ = {isa = PBXFileReference; lastKnownFileType = sourcecode.swift; path = Reminder.swift; sourceTree = "<group>"; };
		F7F251522AFECDBE00770A67 /* DateExtension.swift */ = {isa = PBXFileReference; lastKnownFileType = sourcecode.swift; path = DateExtension.swift; sourceTree = "<group>"; };
/* End PBXFileReference section */

/* Begin PBXFrameworksBuildPhase section */
		F74A58E62AFE6D0900DE3D1F /* Frameworks */ = {
			isa = PBXFrameworksBuildPhase;
			buildActionMask = 2147483647;
			files = (
			);
			runOnlyForDeploymentPostprocessing = 0;
		};
		F74A58FC2AFE6D1300DE3D1F /* Frameworks */ = {
			isa = PBXFrameworksBuildPhase;
			buildActionMask = 2147483647;
			files = (
			);
			runOnlyForDeploymentPostprocessing = 0;
		};
		F74A59062AFE6D1300DE3D1F /* Frameworks */ = {
			isa = PBXFrameworksBuildPhase;
			buildActionMask = 2147483647;
			files = (
			);
			runOnlyForDeploymentPostprocessing = 0;
		};
/* End PBXFrameworksBuildPhase section */

/* Begin PBXGroup section */
		F74A58E02AFE6D0900DE3D1F = {
			isa = PBXGroup;
			children = (
				F74A58EB2AFE6D0900DE3D1F /* reminder */,
				F74A59022AFE6D1300DE3D1F /* reminderTests */,
				F74A590C2AFE6D1300DE3D1F /* reminderUITests */,
				F74A58EA2AFE6D0900DE3D1F /* Products */,
			);
			sourceTree = "<group>";
		};
		F74A58EA2AFE6D0900DE3D1F /* Products */ = {
			isa = PBXGroup;
			children = (
				F74A58E92AFE6D0900DE3D1F /* reminder.app */,
				F74A58FF2AFE6D1300DE3D1F /* reminderTests.xctest */,
				F74A59092AFE6D1300DE3D1F /* reminderUITests.xctest */,
			);
			name = Products;
			sourceTree = "<group>";
		};
		F74A58EB2AFE6D0900DE3D1F /* reminder */ = {
			isa = PBXGroup;
			children = (
				F74A58EC2AFE6D0900DE3D1F /* AppDelegate.swift */,
				F74A58EE2AFE6D0900DE3D1F /* SceneDelegate.swift */,
				F77091452AFEEF290047973E /* Model */,
				F74A59212AFE6FB000DE3D1F /* ViewControllers */,
				F74A59322AFE8E4000DE3D1F /* TableViewCell */,
				F74A59202AFE6FA900DE3D1F /* Coordinator */,
				F74A592C2AFE8DEF00DE3D1F /* Extensions */,
				F74A58F22AFE6D0A00DE3D1F /* Main.storyboard */,
				F74A58F72AFE6D1200DE3D1F /* LaunchScreen.storyboard */,
				F74A58F52AFE6D1200DE3D1F /* Assets.xcassets */,
				F74A58FA2AFE6D1200DE3D1F /* Info.plist */,
			);
			path = reminder;
			sourceTree = "<group>";
		};
		F74A59022AFE6D1300DE3D1F /* reminderTests */ = {
			isa = PBXGroup;
			children = (
				F74A59032AFE6D1300DE3D1F /* reminderTests.swift */,
			);
			path = reminderTests;
			sourceTree = "<group>";
		};
		F74A590C2AFE6D1300DE3D1F /* reminderUITests */ = {
			isa = PBXGroup;
			children = (
				F74A590D2AFE6D1300DE3D1F /* reminderUITests.swift */,
				F74A590F2AFE6D1300DE3D1F /* reminderUITestsLaunchTests.swift */,
			);
			path = reminderUITests;
			sourceTree = "<group>";
		};
		F74A59202AFE6FA900DE3D1F /* Coordinator */ = {
			isa = PBXGroup;
			children = (
				F74A591E2AFE6D4000DE3D1F /* Coordinator.swift */,
				F74A59222AFE6FF100DE3D1F /* MainCoordinator.swift */,
				F74A591C2AFE6D3100DE3D1F /* StoryBoarded.swift */,
			);
			path = Coordinator;
			sourceTree = "<group>";
		};
		F74A59212AFE6FB000DE3D1F /* ViewControllers */ = {
			isa = PBXGroup;
			children = (
				F74A59242AFE739500DE3D1F /* BaseViewController.swift */,
				F74A59262AFE776000DE3D1F /* NewReminderViewController.swift */,
				F74A592D2AFE8E0B00DE3D1F /* Home */,
			);
			path = ViewControllers;
			sourceTree = "<group>";
		};
		F74A592C2AFE8DEF00DE3D1F /* Extensions */ = {
			isa = PBXGroup;
			children = (
				F7F251522AFECDBE00770A67 /* DateExtension.swift */,
				F744EEAA2B0511F800F6E060 /* UserDefaultsExtensions.swift */,
				F74A59282AFE8B9300DE3D1F /* UIKitExtension.swift */,
			);
			path = Extensions;
			sourceTree = "<group>";
		};
		F74A592D2AFE8E0B00DE3D1F /* Home */ = {
			isa = PBXGroup;
			children = (
				F74A58F02AFE6D0900DE3D1F /* HomeViewController.swift */,
				F74A592A2AFE8CA100DE3D1F /* HomeTableViewDataSource.swift */,
			);
			path = Home;
			sourceTree = "<group>";
		};
		F74A59322AFE8E4000DE3D1F /* TableViewCell */ = {
			isa = PBXGroup;
			children = (
				F74A592F2AFE8E3000DE3D1F /* TableViewCell.xib */,
				F74A592E2AFE8E3000DE3D1F /* TableViewCell.swift */,
			);
			path = TableViewCell;
			sourceTree = "<group>";
		};
		F77091452AFEEF290047973E /* Model */ = {
			isa = PBXGroup;
			children = (
				F77091432AFEEF230047973E /* Reminder.swift */,
			);
			path = Model;
			sourceTree = "<group>";
		};
/* End PBXGroup section */

/* Begin PBXNativeTarget section */
		F74A58E82AFE6D0900DE3D1F /* reminder */ = {
			isa = PBXNativeTarget;
			buildConfigurationList = F74A59132AFE6D1300DE3D1F /* Build configuration list for PBXNativeTarget "reminder" */;
			buildPhases = (
				F74A58E52AFE6D0900DE3D1F /* Sources */,
				F74A58E62AFE6D0900DE3D1F /* Frameworks */,
				F74A58E72AFE6D0900DE3D1F /* Resources */,
			);
			buildRules = (
			);
			dependencies = (
			);
			name = reminder;
			productName = reminder;
			productReference = F74A58E92AFE6D0900DE3D1F /* reminder.app */;
			productType = "com.apple.product-type.application";
		};
		F74A58FE2AFE6D1300DE3D1F /* reminderTests */ = {
			isa = PBXNativeTarget;
			buildConfigurationList = F74A59162AFE6D1300DE3D1F /* Build configuration list for PBXNativeTarget "reminderTests" */;
			buildPhases = (
				F74A58FB2AFE6D1300DE3D1F /* Sources */,
				F74A58FC2AFE6D1300DE3D1F /* Frameworks */,
				F74A58FD2AFE6D1300DE3D1F /* Resources */,
			);
			buildRules = (
			);
			dependencies = (
				F74A59012AFE6D1300DE3D1F /* PBXTargetDependency */,
			);
			name = reminderTests;
			productName = reminderTests;
			productReference = F74A58FF2AFE6D1300DE3D1F /* reminderTests.xctest */;
			productType = "com.apple.product-type.bundle.unit-test";
		};
		F74A59082AFE6D1300DE3D1F /* reminderUITests */ = {
			isa = PBXNativeTarget;
			buildConfigurationList = F74A59192AFE6D1300DE3D1F /* Build configuration list for PBXNativeTarget "reminderUITests" */;
			buildPhases = (
				F74A59052AFE6D1300DE3D1F /* Sources */,
				F74A59062AFE6D1300DE3D1F /* Frameworks */,
				F74A59072AFE6D1300DE3D1F /* Resources */,
			);
			buildRules = (
			);
			dependencies = (
				F74A590B2AFE6D1300DE3D1F /* PBXTargetDependency */,
			);
			name = reminderUITests;
			productName = reminderUITests;
			productReference = F74A59092AFE6D1300DE3D1F /* reminderUITests.xctest */;
			productType = "com.apple.product-type.bundle.ui-testing";
		};
/* End PBXNativeTarget section */

/* Begin PBXProject section */
		F74A58E12AFE6D0900DE3D1F /* Project object */ = {
			isa = PBXProject;
			attributes = {
				BuildIndependentTargetsInParallel = 1;
				LastSwiftUpdateCheck = 1500;
				LastUpgradeCheck = 1500;
				TargetAttributes = {
					F74A58E82AFE6D0900DE3D1F = {
						CreatedOnToolsVersion = 15.0.1;
					};
					F74A58FE2AFE6D1300DE3D1F = {
						CreatedOnToolsVersion = 15.0.1;
						TestTargetID = F74A58E82AFE6D0900DE3D1F;
					};
					F74A59082AFE6D1300DE3D1F = {
						CreatedOnToolsVersion = 15.0.1;
						TestTargetID = F74A58E82AFE6D0900DE3D1F;
					};
				};
			};
			buildConfigurationList = F74A58E42AFE6D0900DE3D1F /* Build configuration list for PBXProject "reminder" */;
			compatibilityVersion = "Xcode 14.0";
			developmentRegion = en;
			hasScannedForEncodings = 0;
			knownRegions = (
				en,
				Base,
			);
			mainGroup = F74A58E02AFE6D0900DE3D1F;
			productRefGroup = F74A58EA2AFE6D0900DE3D1F /* Products */;
			projectDirPath = "";
			projectRoot = "";
			targets = (
				F74A58E82AFE6D0900DE3D1F /* reminder */,
				F74A58FE2AFE6D1300DE3D1F /* reminderTests */,
				F74A59082AFE6D1300DE3D1F /* reminderUITests */,
			);
		};
/* End PBXProject section */

/* Begin PBXResourcesBuildPhase section */
		F74A58E72AFE6D0900DE3D1F /* Resources */ = {
			isa = PBXResourcesBuildPhase;
			buildActionMask = 2147483647;
			files = (
				F74A58F92AFE6D1200DE3D1F /* LaunchScreen.storyboard in Resources */,
				F74A59312AFE8E3000DE3D1F /* TableViewCell.xib in Resources */,
				F74A58F62AFE6D1200DE3D1F /* Assets.xcassets in Resources */,
				F74A58F42AFE6D0A00DE3D1F /* Main.storyboard in Resources */,
			);
			runOnlyForDeploymentPostprocessing = 0;
		};
		F74A58FD2AFE6D1300DE3D1F /* Resources */ = {
			isa = PBXResourcesBuildPhase;
			buildActionMask = 2147483647;
			files = (
			);
			runOnlyForDeploymentPostprocessing = 0;
		};
		F74A59072AFE6D1300DE3D1F /* Resources */ = {
			isa = PBXResourcesBuildPhase;
			buildActionMask = 2147483647;
			files = (
			);
			runOnlyForDeploymentPostprocessing = 0;
		};
/* End PBXResourcesBuildPhase section */

/* Begin PBXSourcesBuildPhase section */
		F74A58E52AFE6D0900DE3D1F /* Sources */ = {
			isa = PBXSourcesBuildPhase;
			buildActionMask = 2147483647;
			files = (
				F74A58F12AFE6D0900DE3D1F /* HomeViewController.swift in Sources */,
				F77091442AFEEF230047973E /* Reminder.swift in Sources */,
				F74A59272AFE776000DE3D1F /* NewReminderViewController.swift in Sources */,
				F74A59232AFE6FF100DE3D1F /* MainCoordinator.swift in Sources */,
				F744EEAB2B0511F800F6E060 /* UserDefaultsExtensions.swift in Sources */,
				F74A592B2AFE8CA100DE3D1F /* HomeTableViewDataSource.swift in Sources */,
				F74A58ED2AFE6D0900DE3D1F /* AppDelegate.swift in Sources */,
				F7F251532AFECDBE00770A67 /* DateExtension.swift in Sources */,
				F74A591F2AFE6D4000DE3D1F /* Coordinator.swift in Sources */,
				F74A59302AFE8E3000DE3D1F /* TableViewCell.swift in Sources */,
				F74A58EF2AFE6D0900DE3D1F /* SceneDelegate.swift in Sources */,
				F74A59292AFE8B9300DE3D1F /* UIKitExtension.swift in Sources */,
				F74A59252AFE739500DE3D1F /* BaseViewController.swift in Sources */,
				F74A591D2AFE6D3100DE3D1F /* StoryBoarded.swift in Sources */,
			);
			runOnlyForDeploymentPostprocessing = 0;
		};
		F74A58FB2AFE6D1300DE3D1F /* Sources */ = {
			isa = PBXSourcesBuildPhase;
			buildActionMask = 2147483647;
			files = (
				F74A59042AFE6D1300DE3D1F /* reminderTests.swift in Sources */,
			);
			runOnlyForDeploymentPostprocessing = 0;
		};
		F74A59052AFE6D1300DE3D1F /* Sources */ = {
			isa = PBXSourcesBuildPhase;
			buildActionMask = 2147483647;
			files = (
				F74A59102AFE6D1300DE3D1F /* reminderUITestsLaunchTests.swift in Sources */,
				F74A590E2AFE6D1300DE3D1F /* reminderUITests.swift in Sources */,
			);
			runOnlyForDeploymentPostprocessing = 0;
		};
/* End PBXSourcesBuildPhase section */

/* Begin PBXTargetDependency section */
		F74A59012AFE6D1300DE3D1F /* PBXTargetDependency */ = {
			isa = PBXTargetDependency;
			target = F74A58E82AFE6D0900DE3D1F /* reminder */;
			targetProxy = F74A59002AFE6D1300DE3D1F /* PBXContainerItemProxy */;
		};
		F74A590B2AFE6D1300DE3D1F /* PBXTargetDependency */ = {
			isa = PBXTargetDependency;
			target = F74A58E82AFE6D0900DE3D1F /* reminder */;
			targetProxy = F74A590A2AFE6D1300DE3D1F /* PBXContainerItemProxy */;
		};
/* End PBXTargetDependency section */

/* Begin PBXVariantGroup section */
		F74A58F22AFE6D0A00DE3D1F /* Main.storyboard */ = {
			isa = PBXVariantGroup;
			children = (
				F74A58F32AFE6D0A00DE3D1F /* Base */,
			);
			name = Main.storyboard;
			sourceTree = "<group>";
		};
		F74A58F72AFE6D1200DE3D1F /* LaunchScreen.storyboard */ = {
			isa = PBXVariantGroup;
			children = (
				F74A58F82AFE6D1200DE3D1F /* Base */,
			);
			name = LaunchScreen.storyboard;
			sourceTree = "<group>";
		};
/* End PBXVariantGroup section */

/* Begin XCBuildConfiguration section */
		F74A59112AFE6D1300DE3D1F /* Debug */ = {
			isa = XCBuildConfiguration;
			buildSettings = {
				ALWAYS_SEARCH_USER_PATHS = NO;
				ASSETCATALOG_COMPILER_GENERATE_SWIFT_ASSET_SYMBOL_EXTENSIONS = YES;
				CLANG_ANALYZER_NONNULL = YES;
				CLANG_ANALYZER_NUMBER_OBJECT_CONVERSION = YES_AGGRESSIVE;
				CLANG_CXX_LANGUAGE_STANDARD = "gnu++20";
				CLANG_ENABLE_MODULES = YES;
				CLANG_ENABLE_OBJC_ARC = YES;
				CLANG_ENABLE_OBJC_WEAK = YES;
				CLANG_WARN_BLOCK_CAPTURE_AUTORELEASING = YES;
				CLANG_WARN_BOOL_CONVERSION = YES;
				CLANG_WARN_COMMA = YES;
				CLANG_WARN_CONSTANT_CONVERSION = YES;
				CLANG_WARN_DEPRECATED_OBJC_IMPLEMENTATIONS = YES;
				CLANG_WARN_DIRECT_OBJC_ISA_USAGE = YES_ERROR;
				CLANG_WARN_DOCUMENTATION_COMMENTS = YES;
				CLANG_WARN_EMPTY_BODY = YES;
				CLANG_WARN_ENUM_CONVERSION = YES;
				CLANG_WARN_INFINITE_RECURSION = YES;
				CLANG_WARN_INT_CONVERSION = YES;
				CLANG_WARN_NON_LITERAL_NULL_CONVERSION = YES;
				CLANG_WARN_OBJC_IMPLICIT_RETAIN_SELF = YES;
				CLANG_WARN_OBJC_LITERAL_CONVERSION = YES;
				CLANG_WARN_OBJC_ROOT_CLASS = YES_ERROR;
				CLANG_WARN_QUOTED_INCLUDE_IN_FRAMEWORK_HEADER = YES;
				CLANG_WARN_RANGE_LOOP_ANALYSIS = YES;
				CLANG_WARN_STRICT_PROTOTYPES = YES;
				CLANG_WARN_SUSPICIOUS_MOVE = YES;
				CLANG_WARN_UNGUARDED_AVAILABILITY = YES_AGGRESSIVE;
				CLANG_WARN_UNREACHABLE_CODE = YES;
				CLANG_WARN__DUPLICATE_METHOD_MATCH = YES;
				COPY_PHASE_STRIP = NO;
				DEBUG_INFORMATION_FORMAT = dwarf;
				ENABLE_STRICT_OBJC_MSGSEND = YES;
				ENABLE_TESTABILITY = YES;
				ENABLE_USER_SCRIPT_SANDBOXING = YES;
				GCC_C_LANGUAGE_STANDARD = gnu17;
				GCC_DYNAMIC_NO_PIC = NO;
				GCC_NO_COMMON_BLOCKS = YES;
				GCC_OPTIMIZATION_LEVEL = 0;
				GCC_PREPROCESSOR_DEFINITIONS = (
					"DEBUG=1",
					"$(inherited)",
				);
				GCC_WARN_64_TO_32_BIT_CONVERSION = YES;
				GCC_WARN_ABOUT_RETURN_TYPE = YES_ERROR;
				GCC_WARN_UNDECLARED_SELECTOR = YES;
				GCC_WARN_UNINITIALIZED_AUTOS = YES_AGGRESSIVE;
				GCC_WARN_UNUSED_FUNCTION = YES;
				GCC_WARN_UNUSED_VARIABLE = YES;
				IPHONEOS_DEPLOYMENT_TARGET = 17.0;
				LOCALIZATION_PREFERS_STRING_CATALOGS = YES;
				MTL_ENABLE_DEBUG_INFO = INCLUDE_SOURCE;
				MTL_FAST_MATH = YES;
				ONLY_ACTIVE_ARCH = YES;
				SDKROOT = iphoneos;
				SWIFT_ACTIVE_COMPILATION_CONDITIONS = "DEBUG $(inherited)";
				SWIFT_OPTIMIZATION_LEVEL = "-Onone";
			};
			name = Debug;
		};
		F74A59122AFE6D1300DE3D1F /* Release */ = {
			isa = XCBuildConfiguration;
			buildSettings = {
				ALWAYS_SEARCH_USER_PATHS = NO;
				ASSETCATALOG_COMPILER_GENERATE_SWIFT_ASSET_SYMBOL_EXTENSIONS = YES;
				CLANG_ANALYZER_NONNULL = YES;
				CLANG_ANALYZER_NUMBER_OBJECT_CONVERSION = YES_AGGRESSIVE;
				CLANG_CXX_LANGUAGE_STANDARD = "gnu++20";
				CLANG_ENABLE_MODULES = YES;
				CLANG_ENABLE_OBJC_ARC = YES;
				CLANG_ENABLE_OBJC_WEAK = YES;
				CLANG_WARN_BLOCK_CAPTURE_AUTORELEASING = YES;
				CLANG_WARN_BOOL_CONVERSION = YES;
				CLANG_WARN_COMMA = YES;
				CLANG_WARN_CONSTANT_CONVERSION = YES;
				CLANG_WARN_DEPRECATED_OBJC_IMPLEMENTATIONS = YES;
				CLANG_WARN_DIRECT_OBJC_ISA_USAGE = YES_ERROR;
				CLANG_WARN_DOCUMENTATION_COMMENTS = YES;
				CLANG_WARN_EMPTY_BODY = YES;
				CLANG_WARN_ENUM_CONVERSION = YES;
				CLANG_WARN_INFINITE_RECURSION = YES;
				CLANG_WARN_INT_CONVERSION = YES;
				CLANG_WARN_NON_LITERAL_NULL_CONVERSION = YES;
				CLANG_WARN_OBJC_IMPLICIT_RETAIN_SELF = YES;
				CLANG_WARN_OBJC_LITERAL_CONVERSION = YES;
				CLANG_WARN_OBJC_ROOT_CLASS = YES_ERROR;
				CLANG_WARN_QUOTED_INCLUDE_IN_FRAMEWORK_HEADER = YES;
				CLANG_WARN_RANGE_LOOP_ANALYSIS = YES;
				CLANG_WARN_STRICT_PROTOTYPES = YES;
				CLANG_WARN_SUSPICIOUS_MOVE = YES;
				CLANG_WARN_UNGUARDED_AVAILABILITY = YES_AGGRESSIVE;
				CLANG_WARN_UNREACHABLE_CODE = YES;
				CLANG_WARN__DUPLICATE_METHOD_MATCH = YES;
				COPY_PHASE_STRIP = NO;
				DEBUG_INFORMATION_FORMAT = "dwarf-with-dsym";
				ENABLE_NS_ASSERTIONS = NO;
				ENABLE_STRICT_OBJC_MSGSEND = YES;
				ENABLE_USER_SCRIPT_SANDBOXING = YES;
				GCC_C_LANGUAGE_STANDARD = gnu17;
				GCC_NO_COMMON_BLOCKS = YES;
				GCC_WARN_64_TO_32_BIT_CONVERSION = YES;
				GCC_WARN_ABOUT_RETURN_TYPE = YES_ERROR;
				GCC_WARN_UNDECLARED_SELECTOR = YES;
				GCC_WARN_UNINITIALIZED_AUTOS = YES_AGGRESSIVE;
				GCC_WARN_UNUSED_FUNCTION = YES;
				GCC_WARN_UNUSED_VARIABLE = YES;
				IPHONEOS_DEPLOYMENT_TARGET = 17.0;
				LOCALIZATION_PREFERS_STRING_CATALOGS = YES;
				MTL_ENABLE_DEBUG_INFO = NO;
				MTL_FAST_MATH = YES;
				SDKROOT = iphoneos;
				SWIFT_COMPILATION_MODE = wholemodule;
				VALIDATE_PRODUCT = YES;
			};
			name = Release;
		};
		F74A59142AFE6D1300DE3D1F /* Debug */ = {
			isa = XCBuildConfiguration;
			buildSettings = {
				ASSETCATALOG_COMPILER_APPICON_NAME = AppIcon;
				ASSETCATALOG_COMPILER_GLOBAL_ACCENT_COLOR_NAME = AccentColor;
				CODE_SIGN_STYLE = Automatic;
				CURRENT_PROJECT_VERSION = 1;
				DEVELOPMENT_TEAM = 8U9S422V4H;
				GENERATE_INFOPLIST_FILE = YES;
				INFOPLIST_FILE = reminder/Info.plist;
				INFOPLIST_KEY_UIApplicationSupportsIndirectInputEvents = YES;
				INFOPLIST_KEY_UILaunchStoryboardName = LaunchScreen;
				INFOPLIST_KEY_UIMainStoryboardFile = "";
				INFOPLIST_KEY_UISupportedInterfaceOrientations_iPad = "UIInterfaceOrientationPortrait UIInterfaceOrientationPortraitUpsideDown UIInterfaceOrientationLandscapeLeft UIInterfaceOrientationLandscapeRight";
				INFOPLIST_KEY_UISupportedInterfaceOrientations_iPhone = "UIInterfaceOrientationPortrait UIInterfaceOrientationLandscapeLeft UIInterfaceOrientationLandscapeRight";
				IPHONEOS_DEPLOYMENT_TARGET = 12.0;
				LD_RUNPATH_SEARCH_PATHS = (
					"$(inherited)",
					"@executable_path/Frameworks",
				);
				MARKETING_VERSION = 1.0;
				PRODUCT_BUNDLE_IDENTIFIER = reminder.reminder.rezakashkoul;
				PRODUCT_NAME = "$(TARGET_NAME)";
				SWIFT_EMIT_LOC_STRINGS = YES;
				SWIFT_VERSION = 5.0;
				TARGETED_DEVICE_FAMILY = "1,2";
			};
			name = Debug;
		};
		F74A59152AFE6D1300DE3D1F /* Release */ = {
			isa = XCBuildConfiguration;
			buildSettings = {
				ASSETCATALOG_COMPILER_APPICON_NAME = AppIcon;
				ASSETCATALOG_COMPILER_GLOBAL_ACCENT_COLOR_NAME = AccentColor;
				CODE_SIGN_STYLE = Automatic;
				CURRENT_PROJECT_VERSION = 1;
				DEVELOPMENT_TEAM = 8U9S422V4H;
				GENERATE_INFOPLIST_FILE = YES;
				INFOPLIST_FILE = reminder/Info.plist;
				INFOPLIST_KEY_UIApplicationSupportsIndirectInputEvents = YES;
				INFOPLIST_KEY_UILaunchStoryboardName = LaunchScreen;
				INFOPLIST_KEY_UIMainStoryboardFile = "";
				INFOPLIST_KEY_UISupportedInterfaceOrientations_iPad = "UIInterfaceOrientationPortrait UIInterfaceOrientationPortraitUpsideDown UIInterfaceOrientationLandscapeLeft UIInterfaceOrientationLandscapeRight";
				INFOPLIST_KEY_UISupportedInterfaceOrientations_iPhone = "UIInterfaceOrientationPortrait UIInterfaceOrientationLandscapeLeft UIInterfaceOrientationLandscapeRight";
				IPHONEOS_DEPLOYMENT_TARGET = 12.0;
				LD_RUNPATH_SEARCH_PATHS = (
					"$(inherited)",
					"@executable_path/Frameworks",
				);
				MARKETING_VERSION = 1.0;
				PRODUCT_BUNDLE_IDENTIFIER = reminder.reminder.rezakashkoul;
				PRODUCT_NAME = "$(TARGET_NAME)";
				SWIFT_EMIT_LOC_STRINGS = YES;
				SWIFT_VERSION = 5.0;
				TARGETED_DEVICE_FAMILY = "1,2";
			};
			name = Release;
		};
		F74A59172AFE6D1300DE3D1F /* Debug */ = {
			isa = XCBuildConfiguration;
			buildSettings = {
				ALWAYS_EMBED_SWIFT_STANDARD_LIBRARIES = YES;
				BUNDLE_LOADER = "$(TEST_HOST)";
				CODE_SIGN_STYLE = Automatic;
				CURRENT_PROJECT_VERSION = 1;
				DEVELOPMENT_TEAM = 8U9S422V4H;
				GENERATE_INFOPLIST_FILE = YES;
				IPHONEOS_DEPLOYMENT_TARGET = 17.0;
				MARKETING_VERSION = 1.0;
				PRODUCT_BUNDLE_IDENTIFIER = reminder.reminderTests;
				PRODUCT_NAME = "$(TARGET_NAME)";
				SWIFT_EMIT_LOC_STRINGS = NO;
				SWIFT_VERSION = 5.0;
				TARGETED_DEVICE_FAMILY = "1,2";
				TEST_HOST = "$(BUILT_PRODUCTS_DIR)/reminder.app/$(BUNDLE_EXECUTABLE_FOLDER_PATH)/reminder";
			};
			name = Debug;
		};
		F74A59182AFE6D1300DE3D1F /* Release */ = {
			isa = XCBuildConfiguration;
			buildSettings = {
				ALWAYS_EMBED_SWIFT_STANDARD_LIBRARIES = YES;
				BUNDLE_LOADER = "$(TEST_HOST)";
				CODE_SIGN_STYLE = Automatic;
				CURRENT_PROJECT_VERSION = 1;
				DEVELOPMENT_TEAM = 8U9S422V4H;
				GENERATE_INFOPLIST_FILE = YES;
				IPHONEOS_DEPLOYMENT_TARGET = 17.0;
				MARKETING_VERSION = 1.0;
				PRODUCT_BUNDLE_IDENTIFIER = reminder.reminderTests;
				PRODUCT_NAME = "$(TARGET_NAME)";
				SWIFT_EMIT_LOC_STRINGS = NO;
				SWIFT_VERSION = 5.0;
				TARGETED_DEVICE_FAMILY = "1,2";
				TEST_HOST = "$(BUILT_PRODUCTS_DIR)/reminder.app/$(BUNDLE_EXECUTABLE_FOLDER_PATH)/reminder";
			};
			name = Release;
		};
		F74A591A2AFE6D1300DE3D1F /* Debug */ = {
			isa = XCBuildConfiguration;
			buildSettings = {
				ALWAYS_EMBED_SWIFT_STANDARD_LIBRARIES = YES;
				CODE_SIGN_STYLE = Automatic;
				CURRENT_PROJECT_VERSION = 1;
				DEVELOPMENT_TEAM = 8U9S422V4H;
				GENERATE_INFOPLIST_FILE = YES;
				MARKETING_VERSION = 1.0;
				PRODUCT_BUNDLE_IDENTIFIER = reminder.reminderUITests;
				PRODUCT_NAME = "$(TARGET_NAME)";
				SWIFT_EMIT_LOC_STRINGS = NO;
				SWIFT_VERSION = 5.0;
				TARGETED_DEVICE_FAMILY = "1,2";
				TEST_TARGET_NAME = reminder;
			};
			name = Debug;
		};
		F74A591B2AFE6D1300DE3D1F /* Release */ = {
			isa = XCBuildConfiguration;
			buildSettings = {
				ALWAYS_EMBED_SWIFT_STANDARD_LIBRARIES = YES;
				CODE_SIGN_STYLE = Automatic;
				CURRENT_PROJECT_VERSION = 1;
				DEVELOPMENT_TEAM = 8U9S422V4H;
				GENERATE_INFOPLIST_FILE = YES;
				MARKETING_VERSION = 1.0;
				PRODUCT_BUNDLE_IDENTIFIER = reminder.reminderUITests;
				PRODUCT_NAME = "$(TARGET_NAME)";
				SWIFT_EMIT_LOC_STRINGS = NO;
				SWIFT_VERSION = 5.0;
				TARGETED_DEVICE_FAMILY = "1,2";
				TEST_TARGET_NAME = reminder;
			};
			name = Release;
		};
/* End XCBuildConfiguration section */

/* Begin XCConfigurationList section */
		F74A58E42AFE6D0900DE3D1F /* Build configuration list for PBXProject "reminder" */ = {
			isa = XCConfigurationList;
			buildConfigurations = (
				F74A59112AFE6D1300DE3D1F /* Debug */,
				F74A59122AFE6D1300DE3D1F /* Release */,
			);
			defaultConfigurationIsVisible = 0;
			defaultConfigurationName = Release;
		};
		F74A59132AFE6D1300DE3D1F /* Build configuration list for PBXNativeTarget "reminder" */ = {
			isa = XCConfigurationList;
			buildConfigurations = (
				F74A59142AFE6D1300DE3D1F /* Debug */,
				F74A59152AFE6D1300DE3D1F /* Release */,
			);
			defaultConfigurationIsVisible = 0;
			defaultConfigurationName = Release;
		};
		F74A59162AFE6D1300DE3D1F /* Build configuration list for PBXNativeTarget "reminderTests" */ = {
			isa = XCConfigurationList;
			buildConfigurations = (
				F74A59172AFE6D1300DE3D1F /* Debug */,
				F74A59182AFE6D1300DE3D1F /* Release */,
			);
			defaultConfigurationIsVisible = 0;
			defaultConfigurationName = Release;
		};
		F74A59192AFE6D1300DE3D1F /* Build configuration list for PBXNativeTarget "reminderUITests" */ = {
			isa = XCConfigurationList;
			buildConfigurations = (
				F74A591A2AFE6D1300DE3D1F /* Debug */,
				F74A591B2AFE6D1300DE3D1F /* Release */,
			);
			defaultConfigurationIsVisible = 0;
			defaultConfigurationName = Release;
		};
/* End XCConfigurationList section */
	};
	rootObject = F74A58E12AFE6D0900DE3D1F /* Project object */;
}
